// !$*UTF8*$!
{
	archiveVersion = 1;
	classes = {
	};
	objectVersion = 46;
	objects = {

/* Begin PBXBuildFile section */
		63318333183F2D9D001CA638 /* addrbg.png in Resources */ = {isa = PBXBuildFile; fileRef = 633182E9183F2D9D001CA638 /* addrbg.png */; };
		63318334183F2D9D001CA638 /* address.png in Resources */ = {isa = PBXBuildFile; fileRef = 633182EA183F2D9D001CA638 /* address.png */; };
		63318335183F2D9D001CA638 /* addrline.png in Resources */ = {isa = PBXBuildFile; fileRef = 633182EB183F2D9D001CA638 /* addrline.png */; };
		63318336183F2D9D001CA638 /* answer.png in Resources */ = {isa = PBXBuildFile; fileRef = 633182EC183F2D9D001CA638 /* answer.png */; };
		63318337183F2D9D001CA638 /* backButton.png in Resources */ = {isa = PBXBuildFile; fileRef = 633182ED183F2D9D001CA638 /* backButton.png */; };
		63318338183F2D9D001CA638 /* backButtonBack.png in Resources */ = {isa = PBXBuildFile; fileRef = 633182EE183F2D9D001CA638 /* backButtonBack.png */; };
		63318339183F2D9D001CA638 /* backButtonBackSel.png in Resources */ = {isa = PBXBuildFile; fileRef = 633182EF183F2D9D001CA638 /* backButtonBackSel.png */; };
		6331833A183F2D9D001CA638 /* backButtonBrdr.png in Resources */ = {isa = PBXBuildFile; fileRef = 633182F0183F2D9D001CA638 /* backButtonBrdr.png */; };
		6331833B183F2D9D001CA638 /* backButtonSel.png in Resources */ = {isa = PBXBuildFile; fileRef = 633182F1183F2D9D001CA638 /* backButtonSel.png */; };
		6331833C183F2D9D001CA638 /* backButtonSelBrdr.png in Resources */ = {isa = PBXBuildFile; fileRef = 633182F2183F2D9D001CA638 /* backButtonSelBrdr.png */; };
		6331833D183F2D9D001CA638 /* blueButton.png in Resources */ = {isa = PBXBuildFile; fileRef = 633182F3183F2D9D001CA638 /* blueButton.png */; };
		6331833E183F2D9D001CA638 /* blueButtonSel.png in Resources */ = {isa = PBXBuildFile; fileRef = 633182F4183F2D9D001CA638 /* blueButtonSel.png */; };
		6331833F183F2D9D001CA638 /* body.png in Resources */ = {isa = PBXBuildFile; fileRef = 633182F5183F2D9D001CA638 /* body.png */; };
		63318340183F2D9D001CA638 /* cancel.png in Resources */ = {isa = PBXBuildFile; fileRef = 633182F6183F2D9D001CA638 /* cancel.png */; };
		63318341183F2D9D001CA638 /* cart.png in Resources */ = {isa = PBXBuildFile; fileRef = 633182F7183F2D9D001CA638 /* cart.png */; };
		63318342183F2D9D001CA638 /* cg.png in Resources */ = {isa = PBXBuildFile; fileRef = 633182F8183F2D9D001CA638 /* cg.png */; };
		63318343183F2D9D001CA638 /* check.png in Resources */ = {isa = PBXBuildFile; fileRef = 633182F9183F2D9D001CA638 /* check.png */; };
		63318344183F2D9D001CA638 /* checkmark.png in Resources */ = {isa = PBXBuildFile; fileRef = 633182FA183F2D9D001CA638 /* checkmark.png */; };
		63318345183F2D9D001CA638 /* collect.png in Resources */ = {isa = PBXBuildFile; fileRef = 633182FB183F2D9D001CA638 /* collect.png */; };
		63318346183F2D9D001CA638 /* collectbg.png in Resources */ = {isa = PBXBuildFile; fileRef = 633182FC183F2D9D001CA638 /* collectbg.png */; };
		63318347183F2D9D001CA638 /* detail_b.png in Resources */ = {isa = PBXBuildFile; fileRef = 633182FD183F2D9D001CA638 /* detail_b.png */; };
		63318348183F2D9D001CA638 /* detail_c.png in Resources */ = {isa = PBXBuildFile; fileRef = 633182FE183F2D9D001CA638 /* detail_c.png */; };
		63318349183F2D9D001CA638 /* detail_t.png in Resources */ = {isa = PBXBuildFile; fileRef = 633182FF183F2D9D001CA638 /* detail_t.png */; };
		6331834A183F2D9D001CA638 /* detail_t2.png in Resources */ = {isa = PBXBuildFile; fileRef = 63318300183F2D9D001CA638 /* detail_t2.png */; };
		6331834B183F2D9D001CA638 /* divider.png in Resources */ = {isa = PBXBuildFile; fileRef = 63318301183F2D9D001CA638 /* divider.png */; };
		6331834C183F2D9D001CA638 /* greyButton.png in Resources */ = {isa = PBXBuildFile; fileRef = 63318302183F2D9D001CA638 /* greyButton.png */; };
		6331834D183F2D9D001CA638 /* greyButtonSel.png in Resources */ = {isa = PBXBuildFile; fileRef = 63318303183F2D9D001CA638 /* greyButtonSel.png */; };
		6331834E183F2D9D001CA638 /* icon_fen.png in Resources */ = {isa = PBXBuildFile; fileRef = 63318304183F2D9D001CA638 /* icon_fen.png */; };
		6331834F183F2D9D001CA638 /* icon_hui.png in Resources */ = {isa = PBXBuildFile; fileRef = 63318305183F2D9D001CA638 /* icon_hui.png */; };
		63318350183F2D9D001CA638 /* icon_myf.png in Resources */ = {isa = PBXBuildFile; fileRef = 63318306183F2D9D001CA638 /* icon_myf.png */; };
		63318351183F2D9D001CA638 /* icon_song.png in Resources */ = {isa = PBXBuildFile; fileRef = 63318307183F2D9D001CA638 /* icon_song.png */; };
		63318352183F2D9D001CA638 /* icon_zhe.png in Resources */ = {isa = PBXBuildFile; fileRef = 63318308183F2D9D001CA638 /* icon_zhe.png */; };
		63318353183F2D9D001CA638 /* listArrow.png in Resources */ = {isa = PBXBuildFile; fileRef = 63318309183F2D9D001CA638 /* listArrow.png */; };
		63318354183F2D9D001CA638 /* listArrowSel.png in Resources */ = {isa = PBXBuildFile; fileRef = 6331830A183F2D9D001CA638 /* listArrowSel.png */; };
		63318355183F2D9D001CA638 /* loading.png in Resources */ = {isa = PBXBuildFile; fileRef = 6331830B183F2D9D001CA638 /* loading.png */; };
		63318356183F2D9D001CA638 /* minus.png in Resources */ = {isa = PBXBuildFile; fileRef = 6331830C183F2D9D001CA638 /* minus.png */; };
		63318357183F2D9D001CA638 /* num.png in Resources */ = {isa = PBXBuildFile; fileRef = 6331830D183F2D9D001CA638 /* num.png */; };
		63318358183F2D9D001CA638 /* operatebar.png in Resources */ = {isa = PBXBuildFile; fileRef = 6331830E183F2D9D001CA638 /* operatebar.png */; };
		63318359183F2D9D001CA638 /* operateButton.png in Resources */ = {isa = PBXBuildFile; fileRef = 6331830F183F2D9D001CA638 /* operateButton.png */; };
		6331835A183F2D9D001CA638 /* operateButtonSel.png in Resources */ = {isa = PBXBuildFile; fileRef = 63318310183F2D9D001CA638 /* operateButtonSel.png */; };
		6331835B183F2D9D001CA638 /* order_b.png in Resources */ = {isa = PBXBuildFile; fileRef = 63318311183F2D9D001CA638 /* order_b.png */; };
		6331835C183F2D9D001CA638 /* order_c.png in Resources */ = {isa = PBXBuildFile; fileRef = 63318312183F2D9D001CA638 /* order_c.png */; };
		6331835D183F2D9D001CA638 /* order_t.png in Resources */ = {isa = PBXBuildFile; fileRef = 63318313183F2D9D001CA638 /* order_t.png */; };
		6331835E183F2D9D001CA638 /* orderbg.png in Resources */ = {isa = PBXBuildFile; fileRef = 63318314183F2D9D001CA638 /* orderbg.png */; };
		6331835F183F2D9D001CA638 /* orderButton.png in Resources */ = {isa = PBXBuildFile; fileRef = 63318315183F2D9D001CA638 /* orderButton.png */; };
		63318360183F2D9D001CA638 /* orderButton2.png in Resources */ = {isa = PBXBuildFile; fileRef = 63318316183F2D9D001CA638 /* orderButton2.png */; };
		63318361183F2D9D001CA638 /* orderButton2Sel.png in Resources */ = {isa = PBXBuildFile; fileRef = 63318317183F2D9D001CA638 /* orderButton2Sel.png */; };
		63318362183F2D9D001CA638 /* orderButtonSel.png in Resources */ = {isa = PBXBuildFile; fileRef = 63318318183F2D9D001CA638 /* orderButtonSel.png */; };
		63318363183F2D9D001CA638 /* plus.png in Resources */ = {isa = PBXBuildFile; fileRef = 63318319183F2D9D001CA638 /* plus.png */; };
		63318364183F2D9D001CA638 /* question.png in Resources */ = {isa = PBXBuildFile; fileRef = 6331831A183F2D9D001CA638 /* question.png */; };
		63318365183F2D9D001CA638 /* redbtn.png in Resources */ = {isa = PBXBuildFile; fileRef = 6331831B183F2D9D001CA638 /* redbtn.png */; };
		63318366183F2D9D001CA638 /* redbtnSel.png in Resources */ = {isa = PBXBuildFile; fileRef = 6331831C183F2D9D001CA638 /* redbtnSel.png */; };
		63318367183F2D9D001CA638 /* redButton.png in Resources */ = {isa = PBXBuildFile; fileRef = 6331831D183F2D9D001CA638 /* redButton.png */; };
		63318368183F2D9D001CA638 /* redButtonSel.png in Resources */ = {isa = PBXBuildFile; fileRef = 6331831E183F2D9D001CA638 /* redButtonSel.png */; };
		63318369183F2D9D001CA638 /* sao.png in Resources */ = {isa = PBXBuildFile; fileRef = 6331831F183F2D9D001CA638 /* sao.png */; };
		6331836A183F2D9D001CA638 /* search.png in Resources */ = {isa = PBXBuildFile; fileRef = 63318320183F2D9D001CA638 /* search.png */; };
		6331836B183F2D9D001CA638 /* searchbar.png in Resources */ = {isa = PBXBuildFile; fileRef = 63318321183F2D9D001CA638 /* searchbar.png */; };
		6331836C183F2D9D001CA638 /* searchbg.png in Resources */ = {isa = PBXBuildFile; fileRef = 63318322183F2D9D001CA638 /* searchbg.png */; };
		6331836D183F2D9D001CA638 /* selectbg.png in Resources */ = {isa = PBXBuildFile; fileRef = 63318323183F2D9D001CA638 /* selectbg.png */; };
		6331836E183F2D9D001CA638 /* selecteditem.png in Resources */ = {isa = PBXBuildFile; fileRef = 63318324183F2D9D001CA638 /* selecteditem.png */; };
		6331836F183F2D9D001CA638 /* selection.png in Resources */ = {isa = PBXBuildFile; fileRef = 63318325183F2D9D001CA638 /* selection.png */; };
		63318370183F2D9D001CA638 /* sortbar.png in Resources */ = {isa = PBXBuildFile; fileRef = 63318326183F2D9D001CA638 /* sortbar.png */; };
		63318371183F2D9D001CA638 /* sortgrey.png in Resources */ = {isa = PBXBuildFile; fileRef = 63318327183F2D9D001CA638 /* sortgrey.png */; };
		63318372183F2D9D001CA638 /* sortyellow.png in Resources */ = {isa = PBXBuildFile; fileRef = 63318328183F2D9D001CA638 /* sortyellow.png */; };
		63318373183F2D9D001CA638 /* tabbar.png in Resources */ = {isa = PBXBuildFile; fileRef = 63318329183F2D9D001CA638 /* tabbar.png */; };
		63318374183F2D9D001CA638 /* tabbarSel.png in Resources */ = {isa = PBXBuildFile; fileRef = 6331832A183F2D9D001CA638 /* tabbarSel.png */; };
		63318375183F2D9D001CA638 /* tabborder.png in Resources */ = {isa = PBXBuildFile; fileRef = 6331832B183F2D9D001CA638 /* tabborder.png */; };
		63318376183F2D9D001CA638 /* tabspan.png in Resources */ = {isa = PBXBuildFile; fileRef = 6331832C183F2D9D001CA638 /* tabspan.png */; };
		63318377183F2D9D001CA638 /* tabspanSel.png in Resources */ = {isa = PBXBuildFile; fileRef = 6331832D183F2D9D001CA638 /* tabspanSel.png */; };
		63318378183F2D9D001CA638 /* toolbar.png in Resources */ = {isa = PBXBuildFile; fileRef = 6331832E183F2D9D001CA638 /* toolbar.png */; };
		63318379183F2D9D001CA638 /* toolButton.png in Resources */ = {isa = PBXBuildFile; fileRef = 6331832F183F2D9D001CA638 /* toolButton.png */; };
		6331837A183F2D9D001CA638 /* toolButtonSel.png in Resources */ = {isa = PBXBuildFile; fileRef = 63318330183F2D9D001CA638 /* toolButtonSel.png */; };
		6331837B183F2D9D001CA638 /* yellowButton.png in Resources */ = {isa = PBXBuildFile; fileRef = 63318331183F2D9D001CA638 /* yellowButton.png */; };
		6331837C183F2D9D001CA638 /* yellowButtonSel.png in Resources */ = {isa = PBXBuildFile; fileRef = 63318332183F2D9D001CA638 /* yellowButtonSel.png */; };
		6331837F183F411E001CA638 /* CustomCell.m in Sources */ = {isa = PBXBuildFile; fileRef = 6331837E183F411E001CA638 /* CustomCell.m */; };
		B729F4511836080B00F87250 /* DetailViewController.m in Sources */ = {isa = PBXBuildFile; fileRef = B729F44F1836080B00F87250 /* DetailViewController.m */; };
		B729F4521836080B00F87250 /* DetailViewController.xib in Resources */ = {isa = PBXBuildFile; fileRef = B729F4501836080B00F87250 /* DetailViewController.xib */; };
		B729F4541836124B00F87250 /* libsqlite3.dylib in Frameworks */ = {isa = PBXBuildFile; fileRef = B729F4531836124B00F87250 /* libsqlite3.dylib */; };
		B7A13C671835BF8100813E51 /* Foundation.framework in Frameworks */ = {isa = PBXBuildFile; fileRef = B7A13C661835BF8100813E51 /* Foundation.framework */; };
		B7A13C691835BF8100813E51 /* CoreGraphics.framework in Frameworks */ = {isa = PBXBuildFile; fileRef = B7A13C681835BF8100813E51 /* CoreGraphics.framework */; };
		B7A13C6B1835BF8100813E51 /* UIKit.framework in Frameworks */ = {isa = PBXBuildFile; fileRef = B7A13C6A1835BF8100813E51 /* UIKit.framework */; };
		B7A13C711835BF8100813E51 /* InfoPlist.strings in Resources */ = {isa = PBXBuildFile; fileRef = B7A13C6F1835BF8100813E51 /* InfoPlist.strings */; };
		B7A13C731835BF8100813E51 /* main.m in Sources */ = {isa = PBXBuildFile; fileRef = B7A13C721835BF8100813E51 /* main.m */; };
		B7A13C771835BF8100813E51 /* AppDelegate.m in Sources */ = {isa = PBXBuildFile; fileRef = B7A13C761835BF8100813E51 /* AppDelegate.m */; };
		B7A13C791835BF8100813E51 /* Images.xcassets in Resources */ = {isa = PBXBuildFile; fileRef = B7A13C781835BF8100813E51 /* Images.xcassets */; };
		B7A13C801835BF8200813E51 /* XCTest.framework in Frameworks */ = {isa = PBXBuildFile; fileRef = B7A13C7F1835BF8200813E51 /* XCTest.framework */; };
		B7A13C811835BF8200813E51 /* Foundation.framework in Frameworks */ = {isa = PBXBuildFile; fileRef = B7A13C661835BF8100813E51 /* Foundation.framework */; };
		B7A13C821835BF8200813E51 /* UIKit.framework in Frameworks */ = {isa = PBXBuildFile; fileRef = B7A13C6A1835BF8100813E51 /* UIKit.framework */; };
		B7A13C8A1835BF8200813E51 /* InfoPlist.strings in Resources */ = {isa = PBXBuildFile; fileRef = B7A13C881835BF8200813E51 /* InfoPlist.strings */; };
		B7A13C8C1835BF8200813E51 /* dataBaseTests.m in Sources */ = {isa = PBXBuildFile; fileRef = B7A13C8B1835BF8200813E51 /* dataBaseTests.m */; };
		B7A13C961835BF9A00813E51 /* Root.xib in Resources */ = {isa = PBXBuildFile; fileRef = B7A13C951835BF9A00813E51 /* Root.xib */; };
		B7A13C9A1835BFB100813E51 /* mainViewController.m in Sources */ = {isa = PBXBuildFile; fileRef = B7A13C981835BFB100813E51 /* mainViewController.m */; };
		B7A13C9B1835BFB100813E51 /* mainViewController.xib in Resources */ = {isa = PBXBuildFile; fileRef = B7A13C991835BFB100813E51 /* mainViewController.xib */; };
		B7B59ACC18399E2300EDDFED /* InsertViewController.m in Sources */ = {isa = PBXBuildFile; fileRef = B7B59ACA18399E2300EDDFED /* InsertViewController.m */; };
		B7B59ACD18399E2300EDDFED /* InsertViewController.xib in Resources */ = {isa = PBXBuildFile; fileRef = B7B59ACB18399E2300EDDFED /* InsertViewController.xib */; };
		B7B59AD11839AAAF00EDDFED /* EditViewController.m in Sources */ = {isa = PBXBuildFile; fileRef = B7B59ACF1839AAAF00EDDFED /* EditViewController.m */; };
		B7B59AD21839AAAF00EDDFED /* EditViewController.xib in Resources */ = {isa = PBXBuildFile; fileRef = B7B59AD01839AAAF00EDDFED /* EditViewController.xib */; };
/* End PBXBuildFile section */

/* Begin PBXContainerItemProxy section */
		B7A13C831835BF8200813E51 /* PBXContainerItemProxy */ = {
			isa = PBXContainerItemProxy;
			containerPortal = B7A13C5B1835BF8100813E51 /* Project object */;
			proxyType = 1;
			remoteGlobalIDString = B7A13C621835BF8100813E51;
			remoteInfo = dataBase;
		};
/* End PBXContainerItemProxy section */

/* Begin PBXFileReference section */
		633182E9183F2D9D001CA638 /* addrbg.png */ = {isa = PBXFileReference; lastKnownFileType = image.png; path = addrbg.png; sourceTree = "<group>"; };
		633182EA183F2D9D001CA638 /* address.png */ = {isa = PBXFileReference; lastKnownFileType = image.png; path = address.png; sourceTree = "<group>"; };
		633182EB183F2D9D001CA638 /* addrline.png */ = {isa = PBXFileReference; lastKnownFileType = image.png; path = addrline.png; sourceTree = "<group>"; };
		633182EC183F2D9D001CA638 /* answer.png */ = {isa = PBXFileReference; lastKnownFileType = image.png; path = answer.png; sourceTree = "<group>"; };
		633182ED183F2D9D001CA638 /* backButton.png */ = {isa = PBXFileReference; lastKnownFileType = image.png; path = backButton.png; sourceTree = "<group>"; };
		633182EE183F2D9D001CA638 /* backButtonBack.png */ = {isa = PBXFileReference; lastKnownFileType = image.png; path = backButtonBack.png; sourceTree = "<group>"; };
		633182EF183F2D9D001CA638 /* backButtonBackSel.png */ = {isa = PBXFileReference; lastKnownFileType = image.png; path = backButtonBackSel.png; sourceTree = "<group>"; };
		633182F0183F2D9D001CA638 /* backButtonBrdr.png */ = {isa = PBXFileReference; lastKnownFileType = image.png; path = backButtonBrdr.png; sourceTree = "<group>"; };
		633182F1183F2D9D001CA638 /* backButtonSel.png */ = {isa = PBXFileReference; lastKnownFileType = image.png; path = backButtonSel.png; sourceTree = "<group>"; };
		633182F2183F2D9D001CA638 /* backButtonSelBrdr.png */ = {isa = PBXFileReference; lastKnownFileType = image.png; path = backButtonSelBrdr.png; sourceTree = "<group>"; };
		633182F3183F2D9D001CA638 /* blueButton.png */ = {isa = PBXFileReference; lastKnownFileType = image.png; path = blueButton.png; sourceTree = "<group>"; };
		633182F4183F2D9D001CA638 /* blueButtonSel.png */ = {isa = PBXFileReference; lastKnownFileType = image.png; path = blueButtonSel.png; sourceTree = "<group>"; };
		633182F5183F2D9D001CA638 /* body.png */ = {isa = PBXFileReference; lastKnownFileType = image.png; path = body.png; sourceTree = "<group>"; };
		633182F6183F2D9D001CA638 /* cancel.png */ = {isa = PBXFileReference; lastKnownFileType = image.png; path = cancel.png; sourceTree = "<group>"; };
		633182F7183F2D9D001CA638 /* cart.png */ = {isa = PBXFileReference; lastKnownFileType = image.png; path = cart.png; sourceTree = "<group>"; };
		633182F8183F2D9D001CA638 /* cg.png */ = {isa = PBXFileReference; lastKnownFileType = image.png; path = cg.png; sourceTree = "<group>"; };
		633182F9183F2D9D001CA638 /* check.png */ = {isa = PBXFileReference; lastKnownFileType = image.png; path = check.png; sourceTree = "<group>"; };
		633182FA183F2D9D001CA638 /* checkmark.png */ = {isa = PBXFileReference; lastKnownFileType = image.png; path = checkmark.png; sourceTree = "<group>"; };
		633182FB183F2D9D001CA638 /* collect.png */ = {isa = PBXFileReference; lastKnownFileType = image.png; path = collect.png; sourceTree = "<group>"; };
		633182FC183F2D9D001CA638 /* collectbg.png */ = {isa = PBXFileReference; lastKnownFileType = image.png; path = collectbg.png; sourceTree = "<group>"; };
		633182FD183F2D9D001CA638 /* detail_b.png */ = {isa = PBXFileReference; lastKnownFileType = image.png; path = detail_b.png; sourceTree = "<group>"; };
		633182FE183F2D9D001CA638 /* detail_c.png */ = {isa = PBXFileReference; lastKnownFileType = image.png; path = detail_c.png; sourceTree = "<group>"; };
		633182FF183F2D9D001CA638 /* detail_t.png */ = {isa = PBXFileReference; lastKnownFileType = image.png; path = detail_t.png; sourceTree = "<group>"; };
		63318300183F2D9D001CA638 /* detail_t2.png */ = {isa = PBXFileReference; lastKnownFileType = image.png; path = detail_t2.png; sourceTree = "<group>"; };
		63318301183F2D9D001CA638 /* divider.png */ = {isa = PBXFileReference; lastKnownFileType = image.png; path = divider.png; sourceTree = "<group>"; };
		63318302183F2D9D001CA638 /* greyButton.png */ = {isa = PBXFileReference; lastKnownFileType = image.png; path = greyButton.png; sourceTree = "<group>"; };
		63318303183F2D9D001CA638 /* greyButtonSel.png */ = {isa = PBXFileReference; lastKnownFileType = image.png; path = greyButtonSel.png; sourceTree = "<group>"; };
		63318304183F2D9D001CA638 /* icon_fen.png */ = {isa = PBXFileReference; lastKnownFileType = image.png; path = icon_fen.png; sourceTree = "<group>"; };
		63318305183F2D9D001CA638 /* icon_hui.png */ = {isa = PBXFileReference; lastKnownFileType = image.png; path = icon_hui.png; sourceTree = "<group>"; };
		63318306183F2D9D001CA638 /* icon_myf.png */ = {isa = PBXFileReference; lastKnownFileType = image.png; path = icon_myf.png; sourceTree = "<group>"; };
		63318307183F2D9D001CA638 /* icon_song.png */ = {isa = PBXFileReference; lastKnownFileType = image.png; path = icon_song.png; sourceTree = "<group>"; };
		63318308183F2D9D001CA638 /* icon_zhe.png */ = {isa = PBXFileReference; lastKnownFileType = image.png; path = icon_zhe.png; sourceTree = "<group>"; };
		63318309183F2D9D001CA638 /* listArrow.png */ = {isa = PBXFileReference; lastKnownFileType = image.png; path = listArrow.png; sourceTree = "<group>"; };
		6331830A183F2D9D001CA638 /* listArrowSel.png */ = {isa = PBXFileReference; lastKnownFileType = image.png; path = listArrowSel.png; sourceTree = "<group>"; };
		6331830B183F2D9D001CA638 /* loading.png */ = {isa = PBXFileReference; lastKnownFileType = image.png; path = loading.png; sourceTree = "<group>"; };
		6331830C183F2D9D001CA638 /* minus.png */ = {isa = PBXFileReference; lastKnownFileType = image.png; path = minus.png; sourceTree = "<group>"; };
		6331830D183F2D9D001CA638 /* num.png */ = {isa = PBXFileReference; lastKnownFileType = image.png; path = num.png; sourceTree = "<group>"; };
		6331830E183F2D9D001CA638 /* operatebar.png */ = {isa = PBXFileReference; lastKnownFileType = image.png; path = operatebar.png; sourceTree = "<group>"; };
		6331830F183F2D9D001CA638 /* operateButton.png */ = {isa = PBXFileReference; lastKnownFileType = image.png; path = operateButton.png; sourceTree = "<group>"; };
		63318310183F2D9D001CA638 /* operateButtonSel.png */ = {isa = PBXFileReference; lastKnownFileType = image.png; path = operateButtonSel.png; sourceTree = "<group>"; };
		63318311183F2D9D001CA638 /* order_b.png */ = {isa = PBXFileReference; lastKnownFileType = image.png; path = order_b.png; sourceTree = "<group>"; };
		63318312183F2D9D001CA638 /* order_c.png */ = {isa = PBXFileReference; lastKnownFileType = image.png; path = order_c.png; sourceTree = "<group>"; };
		63318313183F2D9D001CA638 /* order_t.png */ = {isa = PBXFileReference; lastKnownFileType = image.png; path = order_t.png; sourceTree = "<group>"; };
		63318314183F2D9D001CA638 /* orderbg.png */ = {isa = PBXFileReference; lastKnownFileType = image.png; path = orderbg.png; sourceTree = "<group>"; };
		63318315183F2D9D001CA638 /* orderButton.png */ = {isa = PBXFileReference; lastKnownFileType = image.png; path = orderButton.png; sourceTree = "<group>"; };
		63318316183F2D9D001CA638 /* orderButton2.png */ = {isa = PBXFileReference; lastKnownFileType = image.png; path = orderButton2.png; sourceTree = "<group>"; };
		63318317183F2D9D001CA638 /* orderButton2Sel.png */ = {isa = PBXFileReference; lastKnownFileType = image.png; path = orderButton2Sel.png; sourceTree = "<group>"; };
		63318318183F2D9D001CA638 /* orderButtonSel.png */ = {isa = PBXFileReference; lastKnownFileType = image.png; path = orderButtonSel.png; sourceTree = "<group>"; };
		63318319183F2D9D001CA638 /* plus.png */ = {isa = PBXFileReference; lastKnownFileType = image.png; path = plus.png; sourceTree = "<group>"; };
		6331831A183F2D9D001CA638 /* question.png */ = {isa = PBXFileReference; lastKnownFileType = image.png; path = question.png; sourceTree = "<group>"; };
		6331831B183F2D9D001CA638 /* redbtn.png */ = {isa = PBXFileReference; lastKnownFileType = image.png; path = redbtn.png; sourceTree = "<group>"; };
		6331831C183F2D9D001CA638 /* redbtnSel.png */ = {isa = PBXFileReference; lastKnownFileType = image.png; path = redbtnSel.png; sourceTree = "<group>"; };
		6331831D183F2D9D001CA638 /* redButton.png */ = {isa = PBXFileReference; lastKnownFileType = image.png; path = redButton.png; sourceTree = "<group>"; };
		6331831E183F2D9D001CA638 /* redButtonSel.png */ = {isa = PBXFileReference; lastKnownFileType = image.png; path = redButtonSel.png; sourceTree = "<group>"; };
		6331831F183F2D9D001CA638 /* sao.png */ = {isa = PBXFileReference; lastKnownFileType = image.png; path = sao.png; sourceTree = "<group>"; };
		63318320183F2D9D001CA638 /* search.png */ = {isa = PBXFileReference; lastKnownFileType = image.png; path = search.png; sourceTree = "<group>"; };
		63318321183F2D9D001CA638 /* searchbar.png */ = {isa = PBXFileReference; lastKnownFileType = image.png; path = searchbar.png; sourceTree = "<group>"; };
		63318322183F2D9D001CA638 /* searchbg.png */ = {isa = PBXFileReference; lastKnownFileType = image.png; path = searchbg.png; sourceTree = "<group>"; };
		63318323183F2D9D001CA638 /* selectbg.png */ = {isa = PBXFileReference; lastKnownFileType = image.png; path = selectbg.png; sourceTree = "<group>"; };
		63318324183F2D9D001CA638 /* selecteditem.png */ = {isa = PBXFileReference; lastKnownFileType = image.png; path = selecteditem.png; sourceTree = "<group>"; };
		63318325183F2D9D001CA638 /* selection.png */ = {isa = PBXFileReference; lastKnownFileType = image.png; path = selection.png; sourceTree = "<group>"; };
		63318326183F2D9D001CA638 /* sortbar.png */ = {isa = PBXFileReference; lastKnownFileType = image.png; path = sortbar.png; sourceTree = "<group>"; };
		63318327183F2D9D001CA638 /* sortgrey.png */ = {isa = PBXFileReference; lastKnownFileType = image.png; path = sortgrey.png; sourceTree = "<group>"; };
		63318328183F2D9D001CA638 /* sortyellow.png */ = {isa = PBXFileReference; lastKnownFileType = image.png; path = sortyellow.png; sourceTree = "<group>"; };
		63318329183F2D9D001CA638 /* tabbar.png */ = {isa = PBXFileReference; lastKnownFileType = image.png; path = tabbar.png; sourceTree = "<group>"; };
		6331832A183F2D9D001CA638 /* tabbarSel.png */ = {isa = PBXFileReference; lastKnownFileType = image.png; path = tabbarSel.png; sourceTree = "<group>"; };
		6331832B183F2D9D001CA638 /* tabborder.png */ = {isa = PBXFileReference; lastKnownFileType = image.png; path = tabborder.png; sourceTree = "<group>"; };
		6331832C183F2D9D001CA638 /* tabspan.png */ = {isa = PBXFileReference; lastKnownFileType = image.png; path = tabspan.png; sourceTree = "<group>"; };
		6331832D183F2D9D001CA638 /* tabspanSel.png */ = {isa = PBXFileReference; lastKnownFileType = image.png; path = tabspanSel.png; sourceTree = "<group>"; };
		6331832E183F2D9D001CA638 /* toolbar.png */ = {isa = PBXFileReference; lastKnownFileType = image.png; path = toolbar.png; sourceTree = "<group>"; };
		6331832F183F2D9D001CA638 /* toolButton.png */ = {isa = PBXFileReference; lastKnownFileType = image.png; path = toolButton.png; sourceTree = "<group>"; };
		63318330183F2D9D001CA638 /* toolButtonSel.png */ = {isa = PBXFileReference; lastKnownFileType = image.png; path = toolButtonSel.png; sourceTree = "<group>"; };
		63318331183F2D9D001CA638 /* yellowButton.png */ = {isa = PBXFileReference; lastKnownFileType = image.png; path = yellowButton.png; sourceTree = "<group>"; };
		63318332183F2D9D001CA638 /* yellowButtonSel.png */ = {isa = PBXFileReference; lastKnownFileType = image.png; path = yellowButtonSel.png; sourceTree = "<group>"; };
		6331837D183F411E001CA638 /* CustomCell.h */ = {isa = PBXFileReference; fileEncoding = 4; lastKnownFileType = sourcecode.c.h; path = CustomCell.h; sourceTree = "<group>"; };
		6331837E183F411E001CA638 /* CustomCell.m */ = {isa = PBXFileReference; fileEncoding = 4; lastKnownFileType = sourcecode.c.objc; path = CustomCell.m; sourceTree = "<group>"; };
		B729F44E1836080B00F87250 /* DetailViewController.h */ = {isa = PBXFileReference; fileEncoding = 4; lastKnownFileType = sourcecode.c.h; path = DetailViewController.h; sourceTree = "<group>"; };
		B729F44F1836080B00F87250 /* DetailViewController.m */ = {isa = PBXFileReference; fileEncoding = 4; lastKnownFileType = sourcecode.c.objc; path = DetailViewController.m; sourceTree = "<group>"; };
		B729F4501836080B00F87250 /* DetailViewController.xib */ = {isa = PBXFileReference; fileEncoding = 4; lastKnownFileType = file.xib; path = DetailViewController.xib; sourceTree = "<group>"; };
		B729F4531836124B00F87250 /* libsqlite3.dylib */ = {isa = PBXFileReference; lastKnownFileType = "compiled.mach-o.dylib"; name = libsqlite3.dylib; path = usr/lib/libsqlite3.dylib; sourceTree = SDKROOT; };
		B7A13C631835BF8100813E51 /* dataBase.app */ = {isa = PBXFileReference; explicitFileType = wrapper.application; includeInIndex = 0; path = dataBase.app; sourceTree = BUILT_PRODUCTS_DIR; };
		B7A13C661835BF8100813E51 /* Foundation.framework */ = {isa = PBXFileReference; lastKnownFileType = wrapper.framework; name = Foundation.framework; path = System/Library/Frameworks/Foundation.framework; sourceTree = SDKROOT; };
		B7A13C681835BF8100813E51 /* CoreGraphics.framework */ = {isa = PBXFileReference; lastKnownFileType = wrapper.framework; name = CoreGraphics.framework; path = System/Library/Frameworks/CoreGraphics.framework; sourceTree = SDKROOT; };
		B7A13C6A1835BF8100813E51 /* UIKit.framework */ = {isa = PBXFileReference; lastKnownFileType = wrapper.framework; name = UIKit.framework; path = System/Library/Frameworks/UIKit.framework; sourceTree = SDKROOT; };
		B7A13C6E1835BF8100813E51 /* dataBase-Info.plist */ = {isa = PBXFileReference; lastKnownFileType = text.plist.xml; path = "dataBase-Info.plist"; sourceTree = "<group>"; };
		B7A13C701835BF8100813E51 /* en */ = {isa = PBXFileReference; lastKnownFileType = text.plist.strings; name = en; path = en.lproj/InfoPlist.strings; sourceTree = "<group>"; };
		B7A13C721835BF8100813E51 /* main.m */ = {isa = PBXFileReference; lastKnownFileType = sourcecode.c.objc; path = main.m; sourceTree = "<group>"; };
		B7A13C741835BF8100813E51 /* dataBase-Prefix.pch */ = {isa = PBXFileReference; lastKnownFileType = sourcecode.c.h; path = "dataBase-Prefix.pch"; sourceTree = "<group>"; };
		B7A13C751835BF8100813E51 /* AppDelegate.h */ = {isa = PBXFileReference; lastKnownFileType = sourcecode.c.h; path = AppDelegate.h; sourceTree = "<group>"; };
		B7A13C761835BF8100813E51 /* AppDelegate.m */ = {isa = PBXFileReference; lastKnownFileType = sourcecode.c.objc; path = AppDelegate.m; sourceTree = "<group>"; };
		B7A13C781835BF8100813E51 /* Images.xcassets */ = {isa = PBXFileReference; lastKnownFileType = folder.assetcatalog; path = Images.xcassets; sourceTree = "<group>"; };
		B7A13C7E1835BF8200813E51 /* dataBaseTests.xctest */ = {isa = PBXFileReference; explicitFileType = wrapper.cfbundle; includeInIndex = 0; path = dataBaseTests.xctest; sourceTree = BUILT_PRODUCTS_DIR; };
		B7A13C7F1835BF8200813E51 /* XCTest.framework */ = {isa = PBXFileReference; lastKnownFileType = wrapper.framework; name = XCTest.framework; path = Library/Frameworks/XCTest.framework; sourceTree = DEVELOPER_DIR; };
		B7A13C871835BF8200813E51 /* dataBaseTests-Info.plist */ = {isa = PBXFileReference; lastKnownFileType = text.plist.xml; path = "dataBaseTests-Info.plist"; sourceTree = "<group>"; };
		B7A13C891835BF8200813E51 /* en */ = {isa = PBXFileReference; lastKnownFileType = text.plist.strings; name = en; path = en.lproj/InfoPlist.strings; sourceTree = "<group>"; };
		B7A13C8B1835BF8200813E51 /* dataBaseTests.m */ = {isa = PBXFileReference; lastKnownFileType = sourcecode.c.objc; path = dataBaseTests.m; sourceTree = "<group>"; };
		B7A13C951835BF9A00813E51 /* Root.xib */ = {isa = PBXFileReference; fileEncoding = 4; lastKnownFileType = file.xib; path = Root.xib; sourceTree = "<group>"; };
		B7A13C971835BFB100813E51 /* mainViewController.h */ = {isa = PBXFileReference; fileEncoding = 4; lastKnownFileType = sourcecode.c.h; path = mainViewController.h; sourceTree = "<group>"; };
		B7A13C981835BFB100813E51 /* mainViewController.m */ = {isa = PBXFileReference; fileEncoding = 4; lastKnownFileType = sourcecode.c.objc; path = mainViewController.m; sourceTree = "<group>"; };
		B7A13C991835BFB100813E51 /* mainViewController.xib */ = {isa = PBXFileReference; fileEncoding = 4; lastKnownFileType = file.xib; path = mainViewController.xib; sourceTree = "<group>"; };
		B7B59AC918399E2300EDDFED /* InsertViewController.h */ = {isa = PBXFileReference; fileEncoding = 4; lastKnownFileType = sourcecode.c.h; path = InsertViewController.h; sourceTree = "<group>"; };
		B7B59ACA18399E2300EDDFED /* InsertViewController.m */ = {isa = PBXFileReference; fileEncoding = 4; lastKnownFileType = sourcecode.c.objc; path = InsertViewController.m; sourceTree = "<group>"; };
		B7B59ACB18399E2300EDDFED /* InsertViewController.xib */ = {isa = PBXFileReference; fileEncoding = 4; lastKnownFileType = file.xib; path = InsertViewController.xib; sourceTree = "<group>"; };
		B7B59ACE1839AAAF00EDDFED /* EditViewController.h */ = {isa = PBXFileReference; fileEncoding = 4; lastKnownFileType = sourcecode.c.h; path = EditViewController.h; sourceTree = "<group>"; };
		B7B59ACF1839AAAF00EDDFED /* EditViewController.m */ = {isa = PBXFileReference; fileEncoding = 4; lastKnownFileType = sourcecode.c.objc; path = EditViewController.m; sourceTree = "<group>"; };
		B7B59AD01839AAAF00EDDFED /* EditViewController.xib */ = {isa = PBXFileReference; fileEncoding = 4; lastKnownFileType = file.xib; path = EditViewController.xib; sourceTree = "<group>"; };
/* End PBXFileReference section */

/* Begin PBXFrameworksBuildPhase section */
		B7A13C601835BF8100813E51 /* Frameworks */ = {
			isa = PBXFrameworksBuildPhase;
			buildActionMask = 2147483647;
			files = (
				B729F4541836124B00F87250 /* libsqlite3.dylib in Frameworks */,
				B7A13C691835BF8100813E51 /* CoreGraphics.framework in Frameworks */,
				B7A13C6B1835BF8100813E51 /* UIKit.framework in Frameworks */,
				B7A13C671835BF8100813E51 /* Foundation.framework in Frameworks */,
			);
			runOnlyForDeploymentPostprocessing = 0;
		};
		B7A13C7B1835BF8200813E51 /* Frameworks */ = {
			isa = PBXFrameworksBuildPhase;
			buildActionMask = 2147483647;
			files = (
				B7A13C801835BF8200813E51 /* XCTest.framework in Frameworks */,
				B7A13C821835BF8200813E51 /* UIKit.framework in Frameworks */,
				B7A13C811835BF8200813E51 /* Foundation.framework in Frameworks */,
			);
			runOnlyForDeploymentPostprocessing = 0;
		};
/* End PBXFrameworksBuildPhase section */

/* Begin PBXGroup section */
		633182E7183F2D69001CA638 /* images */ = {
			isa = PBXGroup;
			children = (
				633182E8183F2D9D001CA638 /* image */,
			);
			name = images;
			sourceTree = "<group>";
		};
		633182E8183F2D9D001CA638 /* image */ = {
			isa = PBXGroup;
			children = (
				633182E9183F2D9D001CA638 /* addrbg.png */,
				633182EA183F2D9D001CA638 /* address.png */,
				633182EB183F2D9D001CA638 /* addrline.png */,
				633182EC183F2D9D001CA638 /* answer.png */,
				633182ED183F2D9D001CA638 /* backButton.png */,
				633182EE183F2D9D001CA638 /* backButtonBack.png */,
				633182EF183F2D9D001CA638 /* backButtonBackSel.png */,
				633182F0183F2D9D001CA638 /* backButtonBrdr.png */,
				633182F1183F2D9D001CA638 /* backButtonSel.png */,
				633182F2183F2D9D001CA638 /* backButtonSelBrdr.png */,
				633182F3183F2D9D001CA638 /* blueButton.png */,
				633182F4183F2D9D001CA638 /* blueButtonSel.png */,
				633182F5183F2D9D001CA638 /* body.png */,
				633182F6183F2D9D001CA638 /* cancel.png */,
				633182F7183F2D9D001CA638 /* cart.png */,
				633182F8183F2D9D001CA638 /* cg.png */,
				633182F9183F2D9D001CA638 /* check.png */,
				633182FA183F2D9D001CA638 /* checkmark.png */,
				633182FB183F2D9D001CA638 /* collect.png */,
				633182FC183F2D9D001CA638 /* collectbg.png */,
				633182FD183F2D9D001CA638 /* detail_b.png */,
				633182FE183F2D9D001CA638 /* detail_c.png */,
				633182FF183F2D9D001CA638 /* detail_t.png */,
				63318300183F2D9D001CA638 /* detail_t2.png */,
				63318301183F2D9D001CA638 /* divider.png */,
				63318302183F2D9D001CA638 /* greyButton.png */,
				63318303183F2D9D001CA638 /* greyButtonSel.png */,
				63318304183F2D9D001CA638 /* icon_fen.png */,
				63318305183F2D9D001CA638 /* icon_hui.png */,
				63318306183F2D9D001CA638 /* icon_myf.png */,
				63318307183F2D9D001CA638 /* icon_song.png */,
				63318308183F2D9D001CA638 /* icon_zhe.png */,
				63318309183F2D9D001CA638 /* listArrow.png */,
				6331830A183F2D9D001CA638 /* listArrowSel.png */,
				6331830B183F2D9D001CA638 /* loading.png */,
				6331830C183F2D9D001CA638 /* minus.png */,
				6331830D183F2D9D001CA638 /* num.png */,
				6331830E183F2D9D001CA638 /* operatebar.png */,
				6331830F183F2D9D001CA638 /* operateButton.png */,
				63318310183F2D9D001CA638 /* operateButtonSel.png */,
				63318311183F2D9D001CA638 /* order_b.png */,
				63318312183F2D9D001CA638 /* order_c.png */,
				63318313183F2D9D001CA638 /* order_t.png */,
				63318314183F2D9D001CA638 /* orderbg.png */,
				63318315183F2D9D001CA638 /* orderButton.png */,
				63318316183F2D9D001CA638 /* orderButton2.png */,
				63318317183F2D9D001CA638 /* orderButton2Sel.png */,
				63318318183F2D9D001CA638 /* orderButtonSel.png */,
				63318319183F2D9D001CA638 /* plus.png */,
				6331831A183F2D9D001CA638 /* question.png */,
				6331831B183F2D9D001CA638 /* redbtn.png */,
				6331831C183F2D9D001CA638 /* redbtnSel.png */,
				6331831D183F2D9D001CA638 /* redButton.png */,
				6331831E183F2D9D001CA638 /* redButtonSel.png */,
				6331831F183F2D9D001CA638 /* sao.png */,
				63318320183F2D9D001CA638 /* search.png */,
				63318321183F2D9D001CA638 /* searchbar.png */,
				63318322183F2D9D001CA638 /* searchbg.png */,
				63318323183F2D9D001CA638 /* selectbg.png */,
				63318324183F2D9D001CA638 /* selecteditem.png */,
				63318325183F2D9D001CA638 /* selection.png */,
				63318326183F2D9D001CA638 /* sortbar.png */,
				63318327183F2D9D001CA638 /* sortgrey.png */,
				63318328183F2D9D001CA638 /* sortyellow.png */,
				63318329183F2D9D001CA638 /* tabbar.png */,
				6331832A183F2D9D001CA638 /* tabbarSel.png */,
				6331832B183F2D9D001CA638 /* tabborder.png */,
				6331832C183F2D9D001CA638 /* tabspan.png */,
				6331832D183F2D9D001CA638 /* tabspanSel.png */,
				6331832E183F2D9D001CA638 /* toolbar.png */,
				6331832F183F2D9D001CA638 /* toolButton.png */,
				63318330183F2D9D001CA638 /* toolButtonSel.png */,
				63318331183F2D9D001CA638 /* yellowButton.png */,
				63318332183F2D9D001CA638 /* yellowButtonSel.png */,
			);
			path = image;
			sourceTree = "<group>";
		};
		B7A13C5A1835BF8100813E51 = {
			isa = PBXGroup;
			children = (
				B7A13C6C1835BF8100813E51 /* dataBase */,
				B7A13C851835BF8200813E51 /* dataBaseTests */,
				B7A13C651835BF8100813E51 /* Frameworks */,
				B7A13C641835BF8100813E51 /* Products */,
			);
			sourceTree = "<group>";
		};
		B7A13C641835BF8100813E51 /* Products */ = {
			isa = PBXGroup;
			children = (
				B7A13C631835BF8100813E51 /* dataBase.app */,
				B7A13C7E1835BF8200813E51 /* dataBaseTests.xctest */,
			);
			name = Products;
			sourceTree = "<group>";
		};
		B7A13C651835BF8100813E51 /* Frameworks */ = {
			isa = PBXGroup;
			children = (
				B729F4531836124B00F87250 /* libsqlite3.dylib */,
				B7A13C661835BF8100813E51 /* Foundation.framework */,
				B7A13C681835BF8100813E51 /* CoreGraphics.framework */,
				B7A13C6A1835BF8100813E51 /* UIKit.framework */,
				B7A13C7F1835BF8200813E51 /* XCTest.framework */,
			);
			name = Frameworks;
			sourceTree = "<group>";
		};
		B7A13C6C1835BF8100813E51 /* dataBase */ = {
			isa = PBXGroup;
			children = (
				633182E7183F2D69001CA638 /* images */,
				FAA5CCE91839C5D10028A5ED /* Edit */,
				B7A13C751835BF8100813E51 /* AppDelegate.h */,
				B7A13C761835BF8100813E51 /* AppDelegate.m */,
				B7A13C781835BF8100813E51 /* Images.xcassets */,
				B7A13C6D1835BF8100813E51 /* Supporting Files */,
				B7A13C951835BF9A00813E51 /* Root.xib */,
				B7A13C971835BFB100813E51 /* mainViewController.h */,
				B7A13C981835BFB100813E51 /* mainViewController.m */,
				B7A13C991835BFB100813E51 /* mainViewController.xib */,
				B729F44E1836080B00F87250 /* DetailViewController.h */,
				B729F44F1836080B00F87250 /* DetailViewController.m */,
				B729F4501836080B00F87250 /* DetailViewController.xib */,
				B7B59AC918399E2300EDDFED /* InsertViewController.h */,
				B7B59ACA18399E2300EDDFED /* InsertViewController.m */,
				B7B59ACB18399E2300EDDFED /* InsertViewController.xib */,
				B7B59ACE1839AAAF00EDDFED /* EditViewController.h */,
				B7B59ACF1839AAAF00EDDFED /* EditViewController.m */,
				B7B59AD01839AAAF00EDDFED /* EditViewController.xib */,
			);
			path = dataBase;
			sourceTree = "<group>";
		};
		B7A13C6D1835BF8100813E51 /* Supporting Files */ = {
			isa = PBXGroup;
			children = (
				B7A13C6E1835BF8100813E51 /* dataBase-Info.plist */,
				B7A13C6F1835BF8100813E51 /* InfoPlist.strings */,
				B7A13C721835BF8100813E51 /* main.m */,
				B7A13C741835BF8100813E51 /* dataBase-Prefix.pch */,
			);
			name = "Supporting Files";
			sourceTree = "<group>";
		};
		B7A13C851835BF8200813E51 /* dataBaseTests */ = {
			isa = PBXGroup;
			children = (
				B7A13C8B1835BF8200813E51 /* dataBaseTests.m */,
				B7A13C861835BF8200813E51 /* Supporting Files */,
			);
			path = dataBaseTests;
			sourceTree = "<group>";
		};
		B7A13C861835BF8200813E51 /* Supporting Files */ = {
			isa = PBXGroup;
			children = (
				B7A13C871835BF8200813E51 /* dataBaseTests-Info.plist */,
				B7A13C881835BF8200813E51 /* InfoPlist.strings */,
			);
			name = "Supporting Files";
			sourceTree = "<group>";
		};
		FAA5CCE91839C5D10028A5ED /* Edit */ = {
			isa = PBXGroup;
			children = (
				6331837D183F411E001CA638 /* CustomCell.h */,
				6331837E183F411E001CA638 /* CustomCell.m */,
			);
			name = Edit;
			sourceTree = "<group>";
		};
/* End PBXGroup section */

/* Begin PBXNativeTarget section */
		B7A13C621835BF8100813E51 /* dataBase */ = {
			isa = PBXNativeTarget;
			buildConfigurationList = B7A13C8F1835BF8200813E51 /* Build configuration list for PBXNativeTarget "dataBase" */;
			buildPhases = (
				B7A13C5F1835BF8100813E51 /* Sources */,
				B7A13C601835BF8100813E51 /* Frameworks */,
				B7A13C611835BF8100813E51 /* Resources */,
			);
			buildRules = (
			);
			dependencies = (
			);
			name = dataBase;
			productName = dataBase;
			productReference = B7A13C631835BF8100813E51 /* dataBase.app */;
			productType = "com.apple.product-type.application";
		};
		B7A13C7D1835BF8200813E51 /* dataBaseTests */ = {
			isa = PBXNativeTarget;
			buildConfigurationList = B7A13C921835BF8200813E51 /* Build configuration list for PBXNativeTarget "dataBaseTests" */;
			buildPhases = (
				B7A13C7A1835BF8200813E51 /* Sources */,
				B7A13C7B1835BF8200813E51 /* Frameworks */,
				B7A13C7C1835BF8200813E51 /* Resources */,
			);
			buildRules = (
			);
			dependencies = (
				B7A13C841835BF8200813E51 /* PBXTargetDependency */,
			);
			name = dataBaseTests;
			productName = dataBaseTests;
			productReference = B7A13C7E1835BF8200813E51 /* dataBaseTests.xctest */;
			productType = "com.apple.product-type.bundle.unit-test";
		};
/* End PBXNativeTarget section */

/* Begin PBXProject section */
		B7A13C5B1835BF8100813E51 /* Project object */ = {
			isa = PBXProject;
			attributes = {
				LastUpgradeCheck = 0500;
				ORGANIZATIONNAME = "智文通网络服务有限公司";
				TargetAttributes = {
					B7A13C7D1835BF8200813E51 = {
						TestTargetID = B7A13C621835BF8100813E51;
					};
				};
			};
			buildConfigurationList = B7A13C5E1835BF8100813E51 /* Build configuration list for PBXProject "dataBase" */;
			compatibilityVersion = "Xcode 3.2";
			developmentRegion = English;
			hasScannedForEncodings = 0;
			knownRegions = (
				en,
			);
			mainGroup = B7A13C5A1835BF8100813E51;
			productRefGroup = B7A13C641835BF8100813E51 /* Products */;
			projectDirPath = "";
			projectRoot = "";
			targets = (
				B7A13C621835BF8100813E51 /* dataBase */,
				B7A13C7D1835BF8200813E51 /* dataBaseTests */,
			);
		};
/* End PBXProject section */

/* Begin PBXResourcesBuildPhase section */
		B7A13C611835BF8100813E51 /* Resources */ = {
			isa = PBXResourcesBuildPhase;
			buildActionMask = 2147483647;
			files = (
				B7A13C711835BF8100813E51 /* InfoPlist.strings in Resources */,
				63318373183F2D9D001CA638 /* tabbar.png in Resources */,
				6331836C183F2D9D001CA638 /* searchbg.png in Resources */,
				6331834F183F2D9D001CA638 /* icon_hui.png in Resources */,
				63318349183F2D9D001CA638 /* detail_t.png in Resources */,
				63318354183F2D9D001CA638 /* listArrowSel.png in Resources */,
				63318377183F2D9D001CA638 /* tabspanSel.png in Resources */,
				6331833F183F2D9D001CA638 /* body.png in Resources */,
				6331836D183F2D9D001CA638 /* selectbg.png in Resources */,
				6331834D183F2D9D001CA638 /* greyButtonSel.png in Resources */,
				63318355183F2D9D001CA638 /* loading.png in Resources */,
				6331837B183F2D9D001CA638 /* yellowButton.png in Resources */,
				63318334183F2D9D001CA638 /* address.png in Resources */,
				63318361183F2D9D001CA638 /* orderButton2Sel.png in Resources */,
				63318346183F2D9D001CA638 /* collectbg.png in Resources */,
				6331836A183F2D9D001CA638 /* search.png in Resources */,
				6331834B183F2D9D001CA638 /* divider.png in Resources */,
				63318341183F2D9D001CA638 /* cart.png in Resources */,
				6331833E183F2D9D001CA638 /* blueButtonSel.png in Resources */,
				63318335183F2D9D001CA638 /* addrline.png in Resources */,
				63318358183F2D9D001CA638 /* operatebar.png in Resources */,
				63318356183F2D9D001CA638 /* minus.png in Resources */,
				63318338183F2D9D001CA638 /* backButtonBack.png in Resources */,
				63318350183F2D9D001CA638 /* icon_myf.png in Resources */,
				6331835A183F2D9D001CA638 /* operateButtonSel.png in Resources */,
				63318378183F2D9D001CA638 /* toolbar.png in Resources */,
				63318333183F2D9D001CA638 /* addrbg.png in Resources */,
				6331837C183F2D9D001CA638 /* yellowButtonSel.png in Resources */,
				63318372183F2D9D001CA638 /* sortyellow.png in Resources */,
				6331833B183F2D9D001CA638 /* backButtonSel.png in Resources */,
				6331833A183F2D9D001CA638 /* backButtonBrdr.png in Resources */,
				6331835E183F2D9D001CA638 /* orderbg.png in Resources */,
				63318347183F2D9D001CA638 /* detail_b.png in Resources */,
				63318345183F2D9D001CA638 /* collect.png in Resources */,
				63318340183F2D9D001CA638 /* cancel.png in Resources */,
				B7A13C961835BF9A00813E51 /* Root.xib in Resources */,
				63318371183F2D9D001CA638 /* sortgrey.png in Resources */,
				6331836F183F2D9D001CA638 /* selection.png in Resources */,
				63318359183F2D9D001CA638 /* operateButton.png in Resources */,
				63318365183F2D9D001CA638 /* redbtn.png in Resources */,
				63318339183F2D9D001CA638 /* backButtonBackSel.png in Resources */,
				63318360183F2D9D001CA638 /* orderButton2.png in Resources */,
				6331835B183F2D9D001CA638 /* order_b.png in Resources */,
				B7A13C791835BF8100813E51 /* Images.xcassets in Resources */,
				B7B59AD21839AAAF00EDDFED /* EditViewController.xib in Resources */,
				63318357183F2D9D001CA638 /* num.png in Resources */,
				B729F4521836080B00F87250 /* DetailViewController.xib in Resources */,
				63318344183F2D9D001CA638 /* checkmark.png in Resources */,
				63318352183F2D9D001CA638 /* icon_zhe.png in Resources */,
				B7A13C9B1835BFB100813E51 /* mainViewController.xib in Resources */,
				6331835D183F2D9D001CA638 /* order_t.png in Resources */,
				63318368183F2D9D001CA638 /* redButtonSel.png in Resources */,
				B7B59ACD18399E2300EDDFED /* InsertViewController.xib in Resources */,
				6331836B183F2D9D001CA638 /* searchbar.png in Resources */,
				63318343183F2D9D001CA638 /* check.png in Resources */,
				6331834E183F2D9D001CA638 /* icon_fen.png in Resources */,
				6331837A183F2D9D001CA638 /* toolButtonSel.png in Resources */,
				63318366183F2D9D001CA638 /* redbtnSel.png in Resources */,
				63318337183F2D9D001CA638 /* backButton.png in Resources */,
				63318353183F2D9D001CA638 /* listArrow.png in Resources */,
				6331835F183F2D9D001CA638 /* orderButton.png in Resources */,
				63318348183F2D9D001CA638 /* detail_c.png in Resources */,
				63318351183F2D9D001CA638 /* icon_song.png in Resources */,
				63318363183F2D9D001CA638 /* plus.png in Resources */,
				63318342183F2D9D001CA638 /* cg.png in Resources */,
				6331834C183F2D9D001CA638 /* greyButton.png in Resources */,
				63318379183F2D9D001CA638 /* toolButton.png in Resources */,
				6331833D183F2D9D001CA638 /* blueButton.png in Resources */,
				6331833C183F2D9D001CA638 /* backButtonSelBrdr.png in Resources */,
				63318364183F2D9D001CA638 /* question.png in Resources */,
				6331834A183F2D9D001CA638 /* detail_t2.png in Resources */,
				63318369183F2D9D001CA638 /* sao.png in Resources */,
				63318370183F2D9D001CA638 /* sortbar.png in Resources */,
				63318362183F2D9D001CA638 /* orderButtonSel.png in Resources */,
				63318336183F2D9D001CA638 /* answer.png in Resources */,
				63318374183F2D9D001CA638 /* tabbarSel.png in Resources */,
				6331836E183F2D9D001CA638 /* selecteditem.png in Resources */,
				63318376183F2D9D001CA638 /* tabspan.png in Resources */,
				63318375183F2D9D001CA638 /* tabborder.png in Resources */,
				6331835C183F2D9D001CA638 /* order_c.png in Resources */,
				63318367183F2D9D001CA638 /* redButton.png in Resources */,
			);
			runOnlyForDeploymentPostprocessing = 0;
		};
		B7A13C7C1835BF8200813E51 /* Resources */ = {
			isa = PBXResourcesBuildPhase;
			buildActionMask = 2147483647;
			files = (
				B7A13C8A1835BF8200813E51 /* InfoPlist.strings in Resources */,
			);
			runOnlyForDeploymentPostprocessing = 0;
		};
/* End PBXResourcesBuildPhase section */

/* Begin PBXSourcesBuildPhase section */
		B7A13C5F1835BF8100813E51 /* Sources */ = {
			isa = PBXSourcesBuildPhase;
			buildActionMask = 2147483647;
			files = (
				B7A13C9A1835BFB100813E51 /* mainViewController.m in Sources */,
				B7A13C771835BF8100813E51 /* AppDelegate.m in Sources */,
				B7B59ACC18399E2300EDDFED /* InsertViewController.m in Sources */,
				B7A13C731835BF8100813E51 /* main.m in Sources */,
				6331837F183F411E001CA638 /* CustomCell.m in Sources */,
				B7B59AD11839AAAF00EDDFED /* EditViewController.m in Sources */,
				B729F4511836080B00F87250 /* DetailViewController.m in Sources */,
			);
			runOnlyForDeploymentPostprocessing = 0;
		};
		B7A13C7A1835BF8200813E51 /* Sources */ = {
			isa = PBXSourcesBuildPhase;
			buildActionMask = 2147483647;
			files = (
				B7A13C8C1835BF8200813E51 /* dataBaseTests.m in Sources */,
			);
			runOnlyForDeploymentPostprocessing = 0;
		};
/* End PBXSourcesBuildPhase section */

/* Begin PBXTargetDependency section */
		B7A13C841835BF8200813E51 /* PBXTargetDependency */ = {
			isa = PBXTargetDependency;
			target = B7A13C621835BF8100813E51 /* dataBase */;
			targetProxy = B7A13C831835BF8200813E51 /* PBXContainerItemProxy */;
		};
/* End PBXTargetDependency section */

/* Begin PBXVariantGroup section */
		B7A13C6F1835BF8100813E51 /* InfoPlist.strings */ = {
			isa = PBXVariantGroup;
			children = (
				B7A13C701835BF8100813E51 /* en */,
			);
			name = InfoPlist.strings;
			sourceTree = "<group>";
		};
		B7A13C881835BF8200813E51 /* InfoPlist.strings */ = {
			isa = PBXVariantGroup;
			children = (
				B7A13C891835BF8200813E51 /* en */,
			);
			name = InfoPlist.strings;
			sourceTree = "<group>";
		};
/* End PBXVariantGroup section */

/* Begin XCBuildConfiguration section */
		B7A13C8D1835BF8200813E51 /* Debug */ = {
			isa = XCBuildConfiguration;
			buildSettings = {
				ALWAYS_SEARCH_USER_PATHS = NO;
				ARCHS = "$(ARCHS_STANDARD_INCLUDING_64_BIT)";
				CLANG_CXX_LANGUAGE_STANDARD = "gnu++0x";
				CLANG_CXX_LIBRARY = "libc++";
				CLANG_ENABLE_MODULES = YES;
				CLANG_ENABLE_OBJC_ARC = YES;
				CLANG_WARN_BOOL_CONVERSION = YES;
				CLANG_WARN_CONSTANT_CONVERSION = YES;
				CLANG_WARN_DIRECT_OBJC_ISA_USAGE = YES_ERROR;
				CLANG_WARN_EMPTY_BODY = YES;
				CLANG_WARN_ENUM_CONVERSION = YES;
				CLANG_WARN_INT_CONVERSION = YES;
				CLANG_WARN_OBJC_ROOT_CLASS = YES_ERROR;
				CLANG_WARN__DUPLICATE_METHOD_MATCH = YES;
				"CODE_SIGN_IDENTITY[sdk=iphoneos*]" = "iPhone Developer";
				COPY_PHASE_STRIP = NO;
				GCC_C_LANGUAGE_STANDARD = gnu99;
				GCC_DYNAMIC_NO_PIC = NO;
				GCC_OPTIMIZATION_LEVEL = 0;
				GCC_PREPROCESSOR_DEFINITIONS = (
					"DEBUG=1",
					"$(inherited)",
				);
				GCC_SYMBOLS_PRIVATE_EXTERN = NO;
				GCC_WARN_64_TO_32_BIT_CONVERSION = YES;
				GCC_WARN_ABOUT_RETURN_TYPE = YES_ERROR;
				GCC_WARN_UNDECLARED_SELECTOR = YES;
				GCC_WARN_UNINITIALIZED_AUTOS = YES;
				GCC_WARN_UNUSED_FUNCTION = YES;
				GCC_WARN_UNUSED_VARIABLE = YES;
				IPHONEOS_DEPLOYMENT_TARGET = 7.0;
				ONLY_ACTIVE_ARCH = YES;
				SDKROOT = iphoneos;
			};
			name = Debug;
		};
		B7A13C8E1835BF8200813E51 /* Release */ = {
			isa = XCBuildConfiguration;
			buildSettings = {
				ALWAYS_SEARCH_USER_PATHS = NO;
				ARCHS = "$(ARCHS_STANDARD_INCLUDING_64_BIT)";
				CLANG_CXX_LANGUAGE_STANDARD = "gnu++0x";
				CLANG_CXX_LIBRARY = "libc++";
				CLANG_ENABLE_MODULES = YES;
				CLANG_ENABLE_OBJC_ARC = YES;
				CLANG_WARN_BOOL_CONVERSION = YES;
				CLANG_WARN_CONSTANT_CONVERSION = YES;
				CLANG_WARN_DIRECT_OBJC_ISA_USAGE = YES_ERROR;
				CLANG_WARN_EMPTY_BODY = YES;
				CLANG_WARN_ENUM_CONVERSION = YES;
				CLANG_WARN_INT_CONVERSION = YES;
				CLANG_WARN_OBJC_ROOT_CLASS = YES_ERROR;
				CLANG_WARN__DUPLICATE_METHOD_MATCH = YES;
				"CODE_SIGN_IDENTITY[sdk=iphoneos*]" = "iPhone Developer";
				COPY_PHASE_STRIP = YES;
				ENABLE_NS_ASSERTIONS = NO;
				GCC_C_LANGUAGE_STANDARD = gnu99;
				GCC_WARN_64_TO_32_BIT_CONVERSION = YES;
				GCC_WARN_ABOUT_RETURN_TYPE = YES_ERROR;
				GCC_WARN_UNDECLARED_SELECTOR = YES;
				GCC_WARN_UNINITIALIZED_AUTOS = YES;
				GCC_WARN_UNUSED_FUNCTION = YES;
				GCC_WARN_UNUSED_VARIABLE = YES;
				IPHONEOS_DEPLOYMENT_TARGET = 7.0;
				SDKROOT = iphoneos;
				VALIDATE_PRODUCT = YES;
			};
			name = Release;
		};
		B7A13C901835BF8200813E51 /* Debug */ = {
			isa = XCBuildConfiguration;
			buildSettings = {
				ASSETCATALOG_COMPILER_APPICON_NAME = AppIcon;
				ASSETCATALOG_COMPILER_LAUNCHIMAGE_NAME = LaunchImage;
				GCC_PRECOMPILE_PREFIX_HEADER = YES;
				GCC_PREFIX_HEADER = "dataBase/dataBase-Prefix.pch";
				INFOPLIST_FILE = "dataBase/dataBase-Info.plist";
				IPHONEOS_DEPLOYMENT_TARGET = 6.0;
				PRODUCT_NAME = "$(TARGET_NAME)";
				WRAPPER_EXTENSION = app;
			};
			name = Debug;
		};
		B7A13C911835BF8200813E51 /* Release */ = {
			isa = XCBuildConfiguration;
			buildSettings = {
				ASSETCATALOG_COMPILER_APPICON_NAME = AppIcon;
				ASSETCATALOG_COMPILER_LAUNCHIMAGE_NAME = LaunchImage;
				GCC_PRECOMPILE_PREFIX_HEADER = YES;
				GCC_PREFIX_HEADER = "dataBase/dataBase-Prefix.pch";
				INFOPLIST_FILE = "dataBase/dataBase-Info.plist";
				IPHONEOS_DEPLOYMENT_TARGET = 6.0;
				PRODUCT_NAME = "$(TARGET_NAME)";
				WRAPPER_EXTENSION = app;
			};
			name = Release;
		};
		B7A13C931835BF8200813E51 /* Debug */ = {
			isa = XCBuildConfiguration;
			buildSettings = {
				ARCHS = "$(ARCHS_STANDARD_INCLUDING_64_BIT)";
				BUNDLE_LOADER = "$(BUILT_PRODUCTS_DIR)/dataBase.app/dataBase";
				FRAMEWORK_SEARCH_PATHS = (
					"$(SDKROOT)/Developer/Library/Frameworks",
					"$(inherited)",
					"$(DEVELOPER_FRAMEWORKS_DIR)",
				);
				GCC_PRECOMPILE_PREFIX_HEADER = YES;
				GCC_PREFIX_HEADER = "dataBase/dataBase-Prefix.pch";
				GCC_PREPROCESSOR_DEFINITIONS = (
					"DEBUG=1",
					"$(inherited)",
				);
				INFOPLIST_FILE = "dataBaseTests/dataBaseTests-Info.plist";
				PRODUCT_NAME = "$(TARGET_NAME)";
				TEST_HOST = "$(BUNDLE_LOADER)";
				WRAPPER_EXTENSION = xctest;
			};
			name = Debug;
		};
		B7A13C941835BF8200813E51 /* Release */ = {
			isa = XCBuildConfiguration;
			buildSettings = {
				ARCHS = "$(ARCHS_STANDARD_INCLUDING_64_BIT)";
				BUNDLE_LOADER = "$(BUILT_PRODUCTS_DIR)/dataBase.app/dataBase";
				FRAMEWORK_SEARCH_PATHS = (
					"$(SDKROOT)/Developer/Library/Frameworks",
					"$(inherited)",
					"$(DEVELOPER_FRAMEWORKS_DIR)",
				);
				GCC_PRECOMPILE_PREFIX_HEADER = YES;
				GCC_PREFIX_HEADER = "dataBase/dataBase-Prefix.pch";
				INFOPLIST_FILE = "dataBaseTests/dataBaseTests-Info.plist";
				PRODUCT_NAME = "$(TARGET_NAME)";
				TEST_HOST = "$(BUNDLE_LOADER)";
				WRAPPER_EXTENSION = xctest;
			};
			name = Release;
		};
/* End XCBuildConfiguration section */

/* Begin XCConfigurationList section */
		B7A13C5E1835BF8100813E51 /* Build configuration list for PBXProject "dataBase" */ = {
			isa = XCConfigurationList;
			buildConfigurations = (
				B7A13C8D1835BF8200813E51 /* Debug */,
				B7A13C8E1835BF8200813E51 /* Release */,
			);
			defaultConfigurationIsVisible = 0;
			defaultConfigurationName = Release;
		};
		B7A13C8F1835BF8200813E51 /* Build configuration list for PBXNativeTarget "dataBase" */ = {
			isa = XCConfigurationList;
			buildConfigurations = (
				B7A13C901835BF8200813E51 /* Debug */,
				B7A13C911835BF8200813E51 /* Release */,
			);
			defaultConfigurationIsVisible = 0;
			defaultConfigurationName = Release;
		};
		B7A13C921835BF8200813E51 /* Build configuration list for PBXNativeTarget "dataBaseTests" */ = {
			isa = XCConfigurationList;
			buildConfigurations = (
				B7A13C931835BF8200813E51 /* Debug */,
				B7A13C941835BF8200813E51 /* Release */,
			);
			defaultConfigurationIsVisible = 0;
			defaultConfigurationName = Release;
		};
/* End XCConfigurationList section */
	};
	rootObject = B7A13C5B1835BF8100813E51 /* Project object */;
}
